// !$*UTF8*$!
{
	archiveVersion = 1;
	classes = {
	};
	objectVersion = 50;
	objects = {

/* Begin PBXBuildFile section */
		B94508AF25BCC1C20028D9DE /* AppDelegate.swift in Sources */ = {isa = PBXBuildFile; fileRef = B94508AE25BCC1C20028D9DE /* AppDelegate.swift */; };
		B94508B125BCC1C20028D9DE /* SceneDelegate.swift in Sources */ = {isa = PBXBuildFile; fileRef = B94508B025BCC1C20028D9DE /* SceneDelegate.swift */; };
		B94508B325BCC1C20028D9DE /* ViewController.swift in Sources */ = {isa = PBXBuildFile; fileRef = B94508B225BCC1C20028D9DE /* ViewController.swift */; };
		B94508B625BCC1C20028D9DE /* Main.storyboard in Resources */ = {isa = PBXBuildFile; fileRef = B94508B425BCC1C20028D9DE /* Main.storyboard */; };
		B94508B825BCC1C30028D9DE /* Assets.xcassets in Resources */ = {isa = PBXBuildFile; fileRef = B94508B725BCC1C30028D9DE /* Assets.xcassets */; };
		B94508BB25BCC1C30028D9DE /* LaunchScreen.storyboard in Resources */ = {isa = PBXBuildFile; fileRef = B94508B925BCC1C30028D9DE /* LaunchScreen.storyboard */; };
		B94508C625BCC1C30028D9DE /* KennyAppTests.swift in Sources */ = {isa = PBXBuildFile; fileRef = B94508C525BCC1C30028D9DE /* KennyAppTests.swift */; };
		B94508D125BCC1C30028D9DE /* KennyAppUITests.swift in Sources */ = {isa = PBXBuildFile; fileRef = B94508D025BCC1C30028D9DE /* KennyAppUITests.swift */; };
/* End PBXBuildFile section */

/* Begin PBXContainerItemProxy section */
		B94508C225BCC1C30028D9DE /* PBXContainerItemProxy */ = {
			isa = PBXContainerItemProxy;
			containerPortal = B94508A325BCC1C20028D9DE /* Project object */;
			proxyType = 1;
			remoteGlobalIDString = B94508AA25BCC1C20028D9DE;
			remoteInfo = KennyApp;
		};
		B94508CD25BCC1C30028D9DE /* PBXContainerItemProxy */ = {
			isa = PBXContainerItemProxy;
			containerPortal = B94508A325BCC1C20028D9DE /* Project object */;
			proxyType = 1;
			remoteGlobalIDString = B94508AA25BCC1C20028D9DE;
			remoteInfo = KennyApp;
		};
/* End PBXContainerItemProxy section */

/* Begin PBXFileReference section */
		B94508AB25BCC1C20028D9DE /* KennyApp.app */ = {isa = PBXFileReference; explicitFileType = wrapper.application; includeInIndex = 0; path = KennyApp.app; sourceTree = BUILT_PRODUCTS_DIR; };
		B94508AE25BCC1C20028D9DE /* AppDelegate.swift */ = {isa = PBXFileReference; lastKnownFileType = sourcecode.swift; path = AppDelegate.swift; sourceTree = "<group>"; };
		B94508B025BCC1C20028D9DE /* SceneDelegate.swift */ = {isa = PBXFileReference; lastKnownFileType = sourcecode.swift; path = SceneDelegate.swift; sourceTree = "<group>"; };
		B94508B225BCC1C20028D9DE /* ViewController.swift */ = {isa = PBXFileReference; lastKnownFileType = sourcecode.swift; path = ViewController.swift; sourceTree = "<group>"; };
		B94508B525BCC1C20028D9DE /* Base */ = {isa = PBXFileReference; lastKnownFileType = file.storyboard; name = Base; path = Base.lproj/Main.storyboard; sourceTree = "<group>"; };
		B94508B725BCC1C30028D9DE /* Assets.xcassets */ = {isa = PBXFileReference; lastKnownFileType = folder.assetcatalog; path = Assets.xcassets; sourceTree = "<group>"; };
		B94508BA25BCC1C30028D9DE /* Base */ = {isa = PBXFileReference; lastKnownFileType = file.storyboard; name = Base; path = Base.lproj/LaunchScreen.storyboard; sourceTree = "<group>"; };
		B94508BC25BCC1C30028D9DE /* Info.plist */ = {isa = PBXFileReference; lastKnownFileType = text.plist.xml; path = Info.plist; sourceTree = "<group>"; };
		B94508C125BCC1C30028D9DE /* KennyAppTests.xctest */ = {isa = PBXFileReference; explicitFileType = wrapper.cfbundle; includeInIndex = 0; path = KennyAppTests.xctest; sourceTree = BUILT_PRODUCTS_DIR; };
		B94508C525BCC1C30028D9DE /* KennyAppTests.swift */ = {isa = PBXFileReference; lastKnownFileType = sourcecode.swift; path = KennyAppTests.swift; sourceTree = "<group>"; };
		B94508C725BCC1C30028D9DE /* Info.plist */ = {isa = PBXFileReference; lastKnownFileType = text.plist.xml; path = Info.plist; sourceTree = "<group>"; };
		B94508CC25BCC1C30028D9DE /* KennyAppUITests.xctest */ = {isa = PBXFileReference; explicitFileType = wrapper.cfbundle; includeInIndex = 0; path = KennyAppUITests.xctest; sourceTree = BUILT_PRODUCTS_DIR; };
		B94508D025BCC1C30028D9DE /* KennyAppUITests.swift */ = {isa = PBXFileReference; lastKnownFileType = sourcecode.swift; path = KennyAppUITests.swift; sourceTree = "<group>"; };
		B94508D225BCC1C30028D9DE /* Info.plist */ = {isa = PBXFileReference; lastKnownFileType = text.plist.xml; path = Info.plist; sourceTree = "<group>"; };
/* End PBXFileReference section */

/* Begin PBXFrameworksBuildPhase section */
		B94508A825BCC1C20028D9DE /* Frameworks */ = {
			isa = PBXFrameworksBuildPhase;
			buildActionMask = 2147483647;
			files = (
			);
			runOnlyForDeploymentPostprocessing = 0;
		};
		B94508BE25BCC1C30028D9DE /* Frameworks */ = {
			isa = PBXFrameworksBuildPhase;
			buildActionMask = 2147483647;
			files = (
			);
			runOnlyForDeploymentPostprocessing = 0;
		};
		B94508C925BCC1C30028D9DE /* Frameworks */ = {
			isa = PBXFrameworksBuildPhase;
			buildActionMask = 2147483647;
			files = (
			);
			runOnlyForDeploymentPostprocessing = 0;
		};
/* End PBXFrameworksBuildPhase section */

/* Begin PBXGroup section */
		B94508A225BCC1C20028D9DE = {
			isa = PBXGroup;
			children = (
				B94508AD25BCC1C20028D9DE /* KennyApp */,
				B94508C425BCC1C30028D9DE /* KennyAppTests */,
				B94508CF25BCC1C30028D9DE /* KennyAppUITests */,
				B94508AC25BCC1C20028D9DE /* Products */,
			);
			sourceTree = "<group>";
		};
		B94508AC25BCC1C20028D9DE /* Products */ = {
			isa = PBXGroup;
			children = (
				B94508AB25BCC1C20028D9DE /* KennyApp.app */,
				B94508C125BCC1C30028D9DE /* KennyAppTests.xctest */,
				B94508CC25BCC1C30028D9DE /* KennyAppUITests.xctest */,
			);
			name = Products;
			sourceTree = "<group>";
		};
		B94508AD25BCC1C20028D9DE /* KennyApp */ = {
			isa = PBXGroup;
			children = (
				B94508AE25BCC1C20028D9DE /* AppDelegate.swift */,
				B94508B025BCC1C20028D9DE /* SceneDelegate.swift */,
				B94508B225BCC1C20028D9DE /* ViewController.swift */,
				B94508B425BCC1C20028D9DE /* Main.storyboard */,
				B94508B725BCC1C30028D9DE /* Assets.xcassets */,
				B94508B925BCC1C30028D9DE /* LaunchScreen.storyboard */,
				B94508BC25BCC1C30028D9DE /* Info.plist */,
			);
			path = KennyApp;
			sourceTree = "<group>";
		};
		B94508C425BCC1C30028D9DE /* KennyAppTests */ = {
			isa = PBXGroup;
			children = (
				B94508C525BCC1C30028D9DE /* KennyAppTests.swift */,
				B94508C725BCC1C30028D9DE /* Info.plist */,
			);
			path = KennyAppTests;
			sourceTree = "<group>";
		};
		B94508CF25BCC1C30028D9DE /* KennyAppUITests */ = {
			isa = PBXGroup;
			children = (
				B94508D025BCC1C30028D9DE /* KennyAppUITests.swift */,
				B94508D225BCC1C30028D9DE /* Info.plist */,
			);
			path = KennyAppUITests;
			sourceTree = "<group>";
		};
/* End PBXGroup section */

/* Begin PBXNativeTarget section */
		B94508AA25BCC1C20028D9DE /* KennyApp */ = {
			isa = PBXNativeTarget;
			buildConfigurationList = B94508D525BCC1C30028D9DE /* Build configuration list for PBXNativeTarget "KennyApp" */;
			buildPhases = (
				B94508A725BCC1C20028D9DE /* Sources */,
				B94508A825BCC1C20028D9DE /* Frameworks */,
				B94508A925BCC1C20028D9DE /* Resources */,
			);
			buildRules = (
			);
			dependencies = (
			);
			name = KennyApp;
			productName = KennyApp;
			productReference = B94508AB25BCC1C20028D9DE /* KennyApp.app */;
			productType = "com.apple.product-type.application";
		};
		B94508C025BCC1C30028D9DE /* KennyAppTests */ = {
			isa = PBXNativeTarget;
			buildConfigurationList = B94508D825BCC1C30028D9DE /* Build configuration list for PBXNativeTarget "KennyAppTests" */;
			buildPhases = (
				B94508BD25BCC1C30028D9DE /* Sources */,
				B94508BE25BCC1C30028D9DE /* Frameworks */,
				B94508BF25BCC1C30028D9DE /* Resources */,
			);
			buildRules = (
			);
			dependencies = (
				B94508C325BCC1C30028D9DE /* PBXTargetDependency */,
			);
			name = KennyAppTests;
			productName = KennyAppTests;
			productReference = B94508C125BCC1C30028D9DE /* KennyAppTests.xctest */;
			productType = "com.apple.product-type.bundle.unit-test";
		};
		B94508CB25BCC1C30028D9DE /* KennyAppUITests */ = {
			isa = PBXNativeTarget;
			buildConfigurationList = B94508DB25BCC1C30028D9DE /* Build configuration list for PBXNativeTarget "KennyAppUITests" */;
			buildPhases = (
				B94508C825BCC1C30028D9DE /* Sources */,
				B94508C925BCC1C30028D9DE /* Frameworks */,
				B94508CA25BCC1C30028D9DE /* Resources */,
			);
			buildRules = (
			);
			dependencies = (
				B94508CE25BCC1C30028D9DE /* PBXTargetDependency */,
			);
			name = KennyAppUITests;
			productName = KennyAppUITests;
			productReference = B94508CC25BCC1C30028D9DE /* KennyAppUITests.xctest */;
			productType = "com.apple.product-type.bundle.ui-testing";
		};
/* End PBXNativeTarget section */

/* Begin PBXProject section */
		B94508A325BCC1C20028D9DE /* Project object */ = {
			isa = PBXProject;
			attributes = {
				LastSwiftUpdateCheck = 1230;
				LastUpgradeCheck = 1230;
				TargetAttributes = {
					B94508AA25BCC1C20028D9DE = {
						CreatedOnToolsVersion = 12.3;
					};
					B94508C025BCC1C30028D9DE = {
						CreatedOnToolsVersion = 12.3;
						TestTargetID = B94508AA25BCC1C20028D9DE;
					};
					B94508CB25BCC1C30028D9DE = {
						CreatedOnToolsVersion = 12.3;
						TestTargetID = B94508AA25BCC1C20028D9DE;
					};
				};
			};
			buildConfigurationList = B94508A625BCC1C20028D9DE /* Build configuration list for PBXProject "KennyApp" */;
			compatibilityVersion = "Xcode 9.3";
			developmentRegion = en;
			hasScannedForEncodings = 0;
			knownRegions = (
				en,
				Base,
			);
			mainGroup = B94508A225BCC1C20028D9DE;
			productRefGroup = B94508AC25BCC1C20028D9DE /* Products */;
			projectDirPath = "";
			projectRoot = "";
			targets = (
				B94508AA25BCC1C20028D9DE /* KennyApp */,
				B94508C025BCC1C30028D9DE /* KennyAppTests */,
				B94508CB25BCC1C30028D9DE /* KennyAppUITests */,
			);
		};
/* End PBXProject section */

/* Begin PBXResourcesBuildPhase section */
		B94508A925BCC1C20028D9DE /* Resources */ = {
			isa = PBXResourcesBuildPhase;
			buildActionMask = 2147483647;
			files = (
				B94508BB25BCC1C30028D9DE /* LaunchScreen.storyboard in Resources */,
				B94508B825BCC1C30028D9DE /* Assets.xcassets in Resources */,
				B94508B625BCC1C20028D9DE /* Main.storyboard in Resources */,
			);
			runOnlyForDeploymentPostprocessing = 0;
		};
		B94508BF25BCC1C30028D9DE /* Resources */ = {
			isa = PBXResourcesBuildPhase;
			buildActionMask = 2147483647;
			files = (
			);
			runOnlyForDeploymentPostprocessing = 0;
		};
		B94508CA25BCC1C30028D9DE /* Resources */ = {
			isa = PBXResourcesBuildPhase;
			buildActionMask = 2147483647;
			files = (
			);
			runOnlyForDeploymentPostprocessing = 0;
		};
/* End PBXResourcesBuildPhase section */

/* Begin PBXSourcesBuildPhase section */
		B94508A725BCC1C20028D9DE /* Sources */ = {
			isa = PBXSourcesBuildPhase;
			buildActionMask = 2147483647;
			files = (
				B94508B325BCC1C20028D9DE /* ViewController.swift in Sources */,
				B94508AF25BCC1C20028D9DE /* AppDelegate.swift in Sources */,
				B94508B125BCC1C20028D9DE /* SceneDelegate.swift in Sources */,
			);
			runOnlyForDeploymentPostprocessing = 0;
		};
		B94508BD25BCC1C30028D9DE /* Sources */ = {
			isa = PBXSourcesBuildPhase;
			buildActionMask = 2147483647;
			files = (
				B94508C625BCC1C30028D9DE /* KennyAppTests.swift in Sources */,
			);
			runOnlyForDeploymentPostprocessing = 0;
		};
		B94508C825BCC1C30028D9DE /* Sources */ = {
			isa = PBXSourcesBuildPhase;
			buildActionMask = 2147483647;
			files = (
				B94508D125BCC1C30028D9DE /* KennyAppUITests.swift in Sources */,
			);
			runOnlyForDeploymentPostprocessing = 0;
		};
/* End PBXSourcesBuildPhase section */

/* Begin PBXTargetDependency section */
		B94508C325BCC1C30028D9DE /* PBXTargetDependency */ = {
			isa = PBXTargetDependency;
			target = B94508AA25BCC1C20028D9DE /* KennyApp */;
			targetProxy = B94508C225BCC1C30028D9DE /* PBXContainerItemProxy */;
		};
		B94508CE25BCC1C30028D9DE /* PBXTargetDependency */ = {
			isa = PBXTargetDependency;
			target = B94508AA25BCC1C20028D9DE /* KennyApp */;
			targetProxy = B94508CD25BCC1C30028D9DE /* PBXContainerItemProxy */;
		};
/* End PBXTargetDependency section */

/* Begin PBXVariantGroup section */
		B94508B425BCC1C20028D9DE /* Main.storyboard */ = {
			isa = PBXVariantGroup;
			children = (
				B94508B525BCC1C20028D9DE /* Base */,
			);
			name = Main.storyboard;
			sourceTree = "<group>";
		};
		B94508B925BCC1C30028D9DE /* LaunchScreen.storyboard */ = {
			isa = PBXVariantGroup;
			children = (
				B94508BA25BCC1C30028D9DE /* Base */,
			);
			name = LaunchScreen.storyboard;
			sourceTree = "<group>";
		};
/* End PBXVariantGroup section */

/* Begin XCBuildConfiguration section */
		B94508D325BCC1C30028D9DE /* Debug */ = {
			isa = XCBuildConfiguration;
			buildSettings = {
				ALWAYS_SEARCH_USER_PATHS = NO;
				CLANG_ANALYZER_NONNULL = YES;
				CLANG_ANALYZER_NUMBER_OBJECT_CONVERSION = YES_AGGRESSIVE;
				CLANG_CXX_LANGUAGE_STANDARD = "gnu++14";
				CLANG_CXX_LIBRARY = "libc++";
				CLANG_ENABLE_MODULES = YES;
				CLANG_ENABLE_OBJC_ARC = YES;
				CLANG_ENABLE_OBJC_WEAK = YES;
				CLANG_WARN_BLOCK_CAPTURE_AUTORELEASING = YES;
				CLANG_WARN_BOOL_CONVERSION = YES;
				CLANG_WARN_COMMA = YES;
				CLANG_WARN_CONSTANT_CONVERSION = YES;
				CLANG_WARN_DEPRECATED_OBJC_IMPLEMENTATIONS = YES;
				CLANG_WARN_DIRECT_OBJC_ISA_USAGE = YES_ERROR;
				CLANG_WARN_DOCUMENTATION_COMMENTS = YES;
				CLANG_WARN_EMPTY_BODY = YES;
				CLANG_WARN_ENUM_CONVERSION = YES;
				CLANG_WARN_INFINITE_RECURSION = YES;
				CLANG_WARN_INT_CONVERSION = YES;
				CLANG_WARN_NON_LITERAL_NULL_CONVERSION = YES;
				CLANG_WARN_OBJC_IMPLICIT_RETAIN_SELF = YES;
				CLANG_WARN_OBJC_LITERAL_CONVERSION = YES;
				CLANG_WARN_OBJC_ROOT_CLASS = YES_ERROR;
				CLANG_WARN_QUOTED_INCLUDE_IN_FRAMEWORK_HEADER = YES;
				CLANG_WARN_RANGE_LOOP_ANALYSIS = YES;
				CLANG_WARN_STRICT_PROTOTYPES = YES;
				CLANG_WARN_SUSPICIOUS_MOVE = YES;
				CLANG_WARN_UNGUARDED_AVAILABILITY = YES_AGGRESSIVE;
				CLANG_WARN_UNREACHABLE_CODE = YES;
				CLANG_WARN__DUPLICATE_METHOD_MATCH = YES;
				COPY_PHASE_STRIP = NO;
				DEBUG_INFORMATION_FORMAT = dwarf;
				ENABLE_STRICT_OBJC_MSGSEND = YES;
				ENABLE_TESTABILITY = YES;
				GCC_C_LANGUAGE_STANDARD = gnu11;
				GCC_DYNAMIC_NO_PIC = NO;
				GCC_NO_COMMON_BLOCKS = YES;
				GCC_OPTIMIZATION_LEVEL = 0;
				GCC_PREPROCESSOR_DEFINITIONS = (
					"DEBUG=1",
					"$(inherited)",
				);
				GCC_WARN_64_TO_32_BIT_CONVERSION = YES;
				GCC_WARN_ABOUT_RETURN_TYPE = YES_ERROR;
				GCC_WARN_UNDECLARED_SELECTOR = YES;
				GCC_WARN_UNINITIALIZED_AUTOS = YES_AGGRESSIVE;
				GCC_WARN_UNUSED_FUNCTION = YES;
				GCC_WARN_UNUSED_VARIABLE = YES;
				IPHONEOS_DEPLOYMENT_TARGET = 14.3;
				MTL_ENABLE_DEBUG_INFO = INCLUDE_SOURCE;
				MTL_FAST_MATH = YES;
				ONLY_ACTIVE_ARCH = YES;
				SDKROOT = iphoneos;
				SWIFT_ACTIVE_COMPILATION_CONDITIONS = DEBUG;
				SWIFT_OPTIMIZATION_LEVEL = "-Onone";
			};
			name = Debug;
		};
		B94508D425BCC1C30028D9DE /* Release */ = {
			isa = XCBuildConfiguration;
			buildSettings = {
				ALWAYS_SEARCH_USER_PATHS = NO;
				CLANG_ANALYZER_NONNULL = YES;
				CLANG_ANALYZER_NUMBER_OBJECT_CONVERSION = YES_AGGRESSIVE;
				CLANG_CXX_LANGUAGE_STANDARD = "gnu++14";
				CLANG_CXX_LIBRARY = "libc++";
				CLANG_ENABLE_MODULES = YES;
				CLANG_ENABLE_OBJC_ARC = YES;
				CLANG_ENABLE_OBJC_WEAK = YES;
				CLANG_WARN_BLOCK_CAPTURE_AUTORELEASING = YES;
				CLANG_WARN_BOOL_CONVERSION = YES;
				CLANG_WARN_COMMA = YES;
				CLANG_WARN_CONSTANT_CONVERSION = YES;
				CLANG_WARN_DEPRECATED_OBJC_IMPLEMENTATIONS = YES;
				CLANG_WARN_DIRECT_OBJC_ISA_USAGE = YES_ERROR;
				CLANG_WARN_DOCUMENTATION_COMMENTS = YES;
				CLANG_WARN_EMPTY_BODY = YES;
				CLANG_WARN_ENUM_CONVERSION = YES;
				CLANG_WARN_INFINITE_RECURSION = YES;
				CLANG_WARN_INT_CONVERSION = YES;
				CLANG_WARN_NON_LITERAL_NULL_CONVERSION = YES;
				CLANG_WARN_OBJC_IMPLICIT_RETAIN_SELF = YES;
				CLANG_WARN_OBJC_LITERAL_CONVERSION = YES;
				CLANG_WARN_OBJC_ROOT_CLASS = YES_ERROR;
				CLANG_WARN_QUOTED_INCLUDE_IN_FRAMEWORK_HEADER = YES;
				CLANG_WARN_RANGE_LOOP_ANALYSIS = YES;
				CLANG_WARN_STRICT_PROTOTYPES = YES;
				CLANG_WARN_SUSPICIOUS_MOVE = YES;
				CLANG_WARN_UNGUARDED_AVAILABILITY = YES_AGGRESSIVE;
				CLANG_WARN_UNREACHABLE_CODE = YES;
				CLANG_WARN__DUPLICATE_METHOD_MATCH = YES;
				COPY_PHASE_STRIP = NO;
				DEBUG_INFORMATION_FORMAT = "dwarf-with-dsym";
				ENABLE_NS_ASSERTIONS = NO;
				ENABLE_STRICT_OBJC_MSGSEND = YES;
				GCC_C_LANGUAGE_STANDARD = gnu11;
				GCC_NO_COMMON_BLOCKS = YES;
				GCC_WARN_64_TO_32_BIT_CONVERSION = YES;
				GCC_WARN_ABOUT_RETURN_TYPE = YES_ERROR;
				GCC_WARN_UNDECLARED_SELECTOR = YES;
				GCC_WARN_UNINITIALIZED_AUTOS = YES_AGGRESSIVE;
				GCC_WARN_UNUSED_FUNCTION = YES;
				GCC_WARN_UNUSED_VARIABLE = YES;
				IPHONEOS_DEPLOYMENT_TARGET = 14.3;
				MTL_ENABLE_DEBUG_INFO = NO;
				MTL_FAST_MATH = YES;
				SDKROOT = iphoneos;
				SWIFT_COMPILATION_MODE = wholemodule;
				SWIFT_OPTIMIZATION_LEVEL = "-O";
				VALIDATE_PRODUCT = YES;
			};
			name = Release;
		};
		B94508D625BCC1C30028D9DE /* Debug */ = {
			isa = XCBuildConfiguration;
			buildSettings = {
				ASSETCATALOG_COMPILER_APPICON_NAME = AppIcon;
				ASSETCATALOG_COMPILER_GLOBAL_ACCENT_COLOR_NAME = AccentColor;
				CODE_SIGN_STYLE = Automatic;
				DEVELOPMENT_TEAM = QJS4FJ5R3Z;
				INFOPLIST_FILE = KennyApp/Info.plist;
				LD_RUNPATH_SEARCH_PATHS = (
					"$(inherited)",
					"@executable_path/Frameworks",
				);
				PRODUCT_BUNDLE_IDENTIFIER = com.Onur.KennyApp;
				PRODUCT_NAME = "$(TARGET_NAME)";
				SWIFT_VERSION = 5.0;
				TARGETED_DEVICE_FAMILY = "1,2";
			};
			name = Debug;
		};
		B94508D725BCC1C30028D9DE /* Release */ = {
			isa = XCBuildConfiguration;
			buildSettings = {
				ASSETCATALOG_COMPILER_APPICON_NAME = AppIcon;
				ASSETCATALOG_COMPILER_GLOBAL_ACCENT_COLOR_NAME = AccentColor;
				CODE_SIGN_STYLE = Automatic;
				DEVELOPMENT_TEAM = QJS4FJ5R3Z;
				INFOPLIST_FILE = KennyApp/Info.plist;
				LD_RUNPATH_SEARCH_PATHS = (
					"$(inherited)",
					"@executable_path/Frameworks",
				);
				PRODUCT_BUNDLE_IDENTIFIER = com.Onur.KennyApp;
				PRODUCT_NAME = "$(TARGET_NAME)";
				SWIFT_VERSION = 5.0;
				TARGETED_DEVICE_FAMILY = "1,2";
			};
			name = Release;
		};
		B94508D925BCC1C30028D9DE /* Debug */ = {
			isa = XCBuildConfiguration;
			buildSettings = {
				ALWAYS_EMBED_SWIFT_STANDARD_LIBRARIES = YES;
				BUNDLE_LOADER = "$(TEST_HOST)";
				CODE_SIGN_STYLE = Automatic;
				DEVELOPMENT_TEAM = QJS4FJ5R3Z;
				INFOPLIST_FILE = KennyAppTests/Info.plist;
				IPHONEOS_DEPLOYMENT_TARGET = 14.3;
				LD_RUNPATH_SEARCH_PATHS = (
					"$(inherited)",
					"@executable_path/Frameworks",
					"@loader_path/Frameworks",
				);
				PRODUCT_BUNDLE_IDENTIFIER = com.Onur.KennyAppTests;
				PRODUCT_NAME = "$(TARGET_NAME)";
				SWIFT_VERSION = 5.0;
				TARGETED_DEVICE_FAMILY = "1,2";
				TEST_HOST = "$(BUILT_PRODUCTS_DIR)/KennyApp.app/KennyApp";
			};
			name = Debug;
		};
		B94508DA25BCC1C30028D9DE /* Release */ = {
			isa = XCBuildConfiguration;
			buildSettings = {
				ALWAYS_EMBED_SWIFT_STANDARD_LIBRARIES = YES;
				BUNDLE_LOADER = "$(TEST_HOST)";
				CODE_SIGN_STYLE = Automatic;
				DEVELOPMENT_TEAM = QJS4FJ5R3Z;
				INFOPLIST_FILE = KennyAppTests/Info.plist;
				IPHONEOS_DEPLOYMENT_TARGET = 14.3;
				LD_RUNPATH_SEARCH_PATHS = (
					"$(inherited)",
					"@executable_path/Frameworks",
					"@loader_path/Frameworks",
				);
				PRODUCT_BUNDLE_IDENTIFIER = com.Onur.KennyAppTests;
				PRODUCT_NAME = "$(TARGET_NAME)";
				SWIFT_VERSION = 5.0;
				TARGETED_DEVICE_FAMILY = "1,2";
				TEST_HOST = "$(BUILT_PRODUCTS_DIR)/KennyApp.app/KennyApp";
			};
			name = Release;
		};
		B94508DC25BCC1C30028D9DE /* Debug */ = {
			isa = XCBuildConfiguration;
			buildSettings = {
				ALWAYS_EMBED_SWIFT_STANDARD_LIBRARIES = YES;
				CODE_SIGN_STYLE = Automatic;
				DEVELOPMENT_TEAM = QJS4FJ5R3Z;
				INFOPLIST_FILE = KennyAppUITests/Info.plist;
				LD_RUNPATH_SEARCH_PATHS = (
					"$(inherited)",
					"@executable_path/Frameworks",
					"@loader_path/Frameworks",
				);
				PRODUCT_BUNDLE_IDENTIFIER = com.Onur.KennyAppUITests;
				PRODUCT_NAME = "$(TARGET_NAME)";
				SWIFT_VERSION = 5.0;
				TARGETED_DEVICE_FAMILY = "1,2";
				TEST_TARGET_NAME = KennyApp;
			};
			name = Debug;
		};
		B94508DD25BCC1C30028D9DE /* Release */ = {
			isa = XCBuildConfiguration;
			buildSettings = {
				ALWAYS_EMBED_SWIFT_STANDARD_LIBRARIES = YES;
				CODE_SIGN_STYLE = Automatic;
				DEVELOPMENT_TEAM = QJS4FJ5R3Z;
				INFOPLIST_FILE = KennyAppUITests/Info.plist;
				LD_RUNPATH_SEARCH_PATHS = (
					"$(inherited)",
					"@executable_path/Frameworks",
					"@loader_path/Frameworks",
				);
				PRODUCT_BUNDLE_IDENTIFIER = com.Onur.KennyAppUITests;
				PRODUCT_NAME = "$(TARGET_NAME)";
				SWIFT_VERSION = 5.0;
				TARGETED_DEVICE_FAMILY = "1,2";
				TEST_TARGET_NAME = KennyApp;
			};
			name = Release;
		};
/* End XCBuildConfiguration section */

/* Begin XCConfigurationList section */
		B94508A625BCC1C20028D9DE /* Build configuration list for PBXProject "KennyApp" */ = {
			isa = XCConfigurationList;
			buildConfigurations = (
				B94508D325BCC1C30028D9DE /* Debug */,
				B94508D425BCC1C30028D9DE /* Release */,
			);
			defaultConfigurationIsVisible = 0;
			defaultConfigurationName = Release;
		};
		B94508D525BCC1C30028D9DE /* Build configuration list for PBXNativeTarget "KennyApp" */ = {
			isa = XCConfigurationList;
			buildConfigurations = (
				B94508D625BCC1C30028D9DE /* Debug */,
				B94508D725BCC1C30028D9DE /* Release */,
			);
			defaultConfigurationIsVisible = 0;
			defaultConfigurationName = Release;
		};
		B94508D825BCC1C30028D9DE /* Build configuration list for PBXNativeTarget "KennyAppTests" */ = {
			isa = XCConfigurationList;
			buildConfigurations = (
				B94508D925BCC1C30028D9DE /* Debug */,
				B94508DA25BCC1C30028D9DE /* Release */,
			);
			defaultConfigurationIsVisible = 0;
			defaultConfigurationName = Release;
		};
		B94508DB25BCC1C30028D9DE /* Build configuration list for PBXNativeTarget "KennyAppUITests" */ = {
			isa = XCConfigurationList;
			buildConfigurations = (
				B94508DC25BCC1C30028D9DE /* Debug */,
				B94508DD25BCC1C30028D9DE /* Release */,
			);
			defaultConfigurationIsVisible = 0;
			defaultConfigurationName = Release;
		};
/* End XCConfigurationList section */
	};
	rootObject = B94508A325BCC1C20028D9DE /* Project object */;
}
